// !$*UTF8*$!
{
	archiveVersion = 1;
	classes = {
	};
	objectVersion = 46;
	objects = {

/* Begin PBXBuildFile section */
		A1048A8E1E54DC0B00136D74 /* Users.storyboard in Resources */ = {isa = PBXBuildFile; fileRef = A1048A8D1E54DC0B00136D74 /* Users.storyboard */; };
		A10ECE551E3FD42E0000A557 /* AppDelegate.swift in Sources */ = {isa = PBXBuildFile; fileRef = A10ECE541E3FD42E0000A557 /* AppDelegate.swift */; };
		A10ECE571E3FD42E0000A557 /* ViewController.swift in Sources */ = {isa = PBXBuildFile; fileRef = A10ECE561E3FD42E0000A557 /* ViewController.swift */; };
		A10ECE5A1E3FD42E0000A557 /* Main.storyboard in Resources */ = {isa = PBXBuildFile; fileRef = A10ECE581E3FD42E0000A557 /* Main.storyboard */; };
		A10ECE5C1E3FD42E0000A557 /* Assets.xcassets in Resources */ = {isa = PBXBuildFile; fileRef = A10ECE5B1E3FD42E0000A557 /* Assets.xcassets */; };
		A10ECE5F1E3FD42E0000A557 /* LaunchScreen.storyboard in Resources */ = {isa = PBXBuildFile; fileRef = A10ECE5D1E3FD42E0000A557 /* LaunchScreen.storyboard */; };
		A117D3191E4E6D6D008A098D /* UsersViewController.swift in Sources */ = {isa = PBXBuildFile; fileRef = A117D3181E4E6D6D008A098D /* UsersViewController.swift */; };
		A11D7BF71E47866B00FD421E /* User.swift in Sources */ = {isa = PBXBuildFile; fileRef = A11D7BF61E47866B00FD421E /* User.swift */; };
		A13A5CCB1E4D0E76003E2F36 /* UserTableViewCell.swift in Sources */ = {isa = PBXBuildFile; fileRef = A13A5CCA1E4D0E76003E2F36 /* UserTableViewCell.swift */; };
		A18A79351E4A5BA3001387F6 /* UICustomizationService.swift in Sources */ = {isa = PBXBuildFile; fileRef = A18A79341E4A5BA3001387F6 /* UICustomizationService.swift */; };
		A18A79371E4A6BEE001387F6 /* ValidationService.swift in Sources */ = {isa = PBXBuildFile; fileRef = A18A79361E4A6BEE001387F6 /* ValidationService.swift */; };
		A18A79391E4A869D001387F6 /* RegisterViewController.swift in Sources */ = {isa = PBXBuildFile; fileRef = A18A79381E4A869D001387F6 /* RegisterViewController.swift */; };
		A18E62CE1E53E4950078CA5F /* CurrentUserMenuViewController.swift in Sources */ = {isa = PBXBuildFile; fileRef = A18E62CD1E53E4950078CA5F /* CurrentUserMenuViewController.swift */; };
		A1E025231E4F3A67004AB7AA /* UserViewController.swift in Sources */ = {isa = PBXBuildFile; fileRef = A1E025221E4F3A67004AB7AA /* UserViewController.swift */; };
		A1EFC2F41E4760FB00CC502A /* UserService.swift in Sources */ = {isa = PBXBuildFile; fileRef = A1EFC2F31E4760FB00CC502A /* UserService.swift */; };
		A1EFC2F61E47653400CC502A /* LoginViewController.swift in Sources */ = {isa = PBXBuildFile; fileRef = A1EFC2F51E47653400CC502A /* LoginViewController.swift */; };
		A1FE94DF1E59F92600B6B1CE /* ProfileViewController.swift in Sources */ = {isa = PBXBuildFile; fileRef = A1FE94DE1E59F92600B6B1CE /* ProfileViewController.swift */; };
		A1FE94E41E5A004600B6B1CE /* SettingsViewController.swift in Sources */ = {isa = PBXBuildFile; fileRef = A1FE94E31E5A004600B6B1CE /* SettingsViewController.swift */; };
		F84E2279ABA64AEB0BC31086 /* Pods_WhoWorks.framework in Frameworks */ = {isa = PBXBuildFile; fileRef = 95680E741246E80266ABAD73 /* Pods_WhoWorks.framework */; };
/* End PBXBuildFile section */

/* Begin PBXContainerItemProxy section */
		A15F2C321E467867002FAF24 /* PBXContainerItemProxy */ = {
			isa = PBXContainerItemProxy;
			containerPortal = A15F2C2D1E467867002FAF24 /* Pods.xcodeproj */;
			proxyType = 2;
			remoteGlobalIDString = 38D369E0755D60312EA96612A30C1D65;
			remoteInfo = Alamofire;
		};
		A15F2C341E467867002FAF24 /* PBXContainerItemProxy */ = {
			isa = PBXContainerItemProxy;
			containerPortal = A15F2C2D1E467867002FAF24 /* Pods.xcodeproj */;
			proxyType = 2;
			remoteGlobalIDString = F1F5BD220E4ABF5E877FEFDB09E711DB;
			remoteInfo = "Pods-WhoWorks";
		};
		A18A79321E4A5B81001387F6 /* PBXContainerItemProxy */ = {
			isa = PBXContainerItemProxy;
			containerPortal = A15F2C2D1E467867002FAF24 /* Pods.xcodeproj */;
			proxyType = 2;
			remoteGlobalIDString = 0119CCB981D411807592F08A8CD88932;
			remoteInfo = "Alamofire-Synchronous";
		};
		A1FE94F81E5A54CF00B6B1CE /* PBXContainerItemProxy */ = {
			isa = PBXContainerItemProxy;
			containerPortal = A15F2C2D1E467867002FAF24 /* Pods.xcodeproj */;
			proxyType = 2;
			remoteGlobalIDString = EFE6F7E0072E533F53400FE3C9F5BD81;
			remoteInfo = SWRevealViewController;
		};
/* End PBXContainerItemProxy section */

/* Begin PBXFileReference section */
		1BF8D133A5BB0FD40D718882 /* Pods-WhoWorks.debug.xcconfig */ = {isa = PBXFileReference; includeInIndex = 1; lastKnownFileType = text.xcconfig; name = "Pods-WhoWorks.debug.xcconfig"; path = "Pods/Target Support Files/Pods-WhoWorks/Pods-WhoWorks.debug.xcconfig"; sourceTree = "<group>"; };
		95680E741246E80266ABAD73 /* Pods_WhoWorks.framework */ = {isa = PBXFileReference; explicitFileType = wrapper.framework; includeInIndex = 0; path = Pods_WhoWorks.framework; sourceTree = BUILT_PRODUCTS_DIR; };
		A1048A8D1E54DC0B00136D74 /* Users.storyboard */ = {isa = PBXFileReference; fileEncoding = 4; lastKnownFileType = file.storyboard; path = Users.storyboard; sourceTree = "<group>"; };
		A10ECE511E3FD42E0000A557 /* WhoWorks.app */ = {isa = PBXFileReference; explicitFileType = wrapper.application; includeInIndex = 0; path = WhoWorks.app; sourceTree = BUILT_PRODUCTS_DIR; };
		A10ECE541E3FD42E0000A557 /* AppDelegate.swift */ = {isa = PBXFileReference; lastKnownFileType = sourcecode.swift; path = AppDelegate.swift; sourceTree = "<group>"; };
		A10ECE561E3FD42E0000A557 /* ViewController.swift */ = {isa = PBXFileReference; lastKnownFileType = sourcecode.swift; path = ViewController.swift; sourceTree = "<group>"; };
		A10ECE591E3FD42E0000A557 /* Base */ = {isa = PBXFileReference; lastKnownFileType = file.storyboard; name = Base; path = Base.lproj/Main.storyboard; sourceTree = "<group>"; };
		A10ECE5B1E3FD42E0000A557 /* Assets.xcassets */ = {isa = PBXFileReference; lastKnownFileType = folder.assetcatalog; path = Assets.xcassets; sourceTree = "<group>"; };
		A10ECE5E1E3FD42E0000A557 /* Base */ = {isa = PBXFileReference; lastKnownFileType = file.storyboard; name = Base; path = Base.lproj/LaunchScreen.storyboard; sourceTree = "<group>"; };
		A10ECE601E3FD42E0000A557 /* Info.plist */ = {isa = PBXFileReference; lastKnownFileType = text.plist.xml; path = Info.plist; sourceTree = "<group>"; };
		A117D3181E4E6D6D008A098D /* UsersViewController.swift */ = {isa = PBXFileReference; fileEncoding = 4; lastKnownFileType = sourcecode.swift; path = UsersViewController.swift; sourceTree = "<group>"; };
		A11D7BF61E47866B00FD421E /* User.swift */ = {isa = PBXFileReference; fileEncoding = 4; lastKnownFileType = sourcecode.swift; path = User.swift; sourceTree = "<group>"; };
		A13A5CCA1E4D0E76003E2F36 /* UserTableViewCell.swift */ = {isa = PBXFileReference; fileEncoding = 4; lastKnownFileType = sourcecode.swift; path = UserTableViewCell.swift; sourceTree = "<group>"; };
		A15F2C2D1E467867002FAF24 /* Pods.xcodeproj */ = {isa = PBXFileReference; lastKnownFileType = "wrapper.pb-project"; name = Pods.xcodeproj; path = Pods/Pods.xcodeproj; sourceTree = "<group>"; };
		A18A79341E4A5BA3001387F6 /* UICustomizationService.swift */ = {isa = PBXFileReference; fileEncoding = 4; lastKnownFileType = sourcecode.swift; path = UICustomizationService.swift; sourceTree = "<group>"; };
		A18A79361E4A6BEE001387F6 /* ValidationService.swift */ = {isa = PBXFileReference; fileEncoding = 4; lastKnownFileType = sourcecode.swift; path = ValidationService.swift; sourceTree = "<group>"; };
		A18A79381E4A869D001387F6 /* RegisterViewController.swift */ = {isa = PBXFileReference; fileEncoding = 4; lastKnownFileType = sourcecode.swift; path = RegisterViewController.swift; sourceTree = "<group>"; };
		A18E62CD1E53E4950078CA5F /* CurrentUserMenuViewController.swift */ = {isa = PBXFileReference; fileEncoding = 4; lastKnownFileType = sourcecode.swift; path = CurrentUserMenuViewController.swift; sourceTree = "<group>"; };
		A1E025221E4F3A67004AB7AA /* UserViewController.swift */ = {isa = PBXFileReference; fileEncoding = 4; lastKnownFileType = sourcecode.swift; path = UserViewController.swift; sourceTree = "<group>"; };
		A1EFC2F31E4760FB00CC502A /* UserService.swift */ = {isa = PBXFileReference; fileEncoding = 4; lastKnownFileType = sourcecode.swift; path = UserService.swift; sourceTree = "<group>"; };
		A1EFC2F51E47653400CC502A /* LoginViewController.swift */ = {isa = PBXFileReference; fileEncoding = 4; lastKnownFileType = sourcecode.swift; path = LoginViewController.swift; sourceTree = "<group>"; };
		A1FE94DE1E59F92600B6B1CE /* ProfileViewController.swift */ = {isa = PBXFileReference; fileEncoding = 4; lastKnownFileType = sourcecode.swift; path = ProfileViewController.swift; sourceTree = "<group>"; };
		A1FE94E31E5A004600B6B1CE /* SettingsViewController.swift */ = {isa = PBXFileReference; fileEncoding = 4; lastKnownFileType = sourcecode.swift; path = SettingsViewController.swift; sourceTree = "<group>"; };
		DC73D58DFD0E8435C062D093 /* Pods-WhoWorks.release.xcconfig */ = {isa = PBXFileReference; includeInIndex = 1; lastKnownFileType = text.xcconfig; name = "Pods-WhoWorks.release.xcconfig"; path = "Pods/Target Support Files/Pods-WhoWorks/Pods-WhoWorks.release.xcconfig"; sourceTree = "<group>"; };
/* End PBXFileReference section */

/* Begin PBXFrameworksBuildPhase section */
		A10ECE4E1E3FD42E0000A557 /* Frameworks */ = {
			isa = PBXFrameworksBuildPhase;
			buildActionMask = 2147483647;
			files = (
				F84E2279ABA64AEB0BC31086 /* Pods_WhoWorks.framework in Frameworks */,
			);
			runOnlyForDeploymentPostprocessing = 0;
		};
/* End PBXFrameworksBuildPhase section */

/* Begin PBXGroup section */
		5E0FB58589429AC2587CDE62 /* Frameworks */ = {
			isa = PBXGroup;
			children = (
				95680E741246E80266ABAD73 /* Pods_WhoWorks.framework */,
			);
			name = Frameworks;
			sourceTree = "<group>";
		};
		A10ECE481E3FD42E0000A557 = {
			isa = PBXGroup;
			children = (
				A15F2C2D1E467867002FAF24 /* Pods.xcodeproj */,
				A10ECE531E3FD42E0000A557 /* WhoWorks */,
				A10ECE521E3FD42E0000A557 /* Products */,
				A6B2F2CA8CDA91B92B421BEE /* Pods */,
				5E0FB58589429AC2587CDE62 /* Frameworks */,
			);
			sourceTree = "<group>";
		};
		A10ECE521E3FD42E0000A557 /* Products */ = {
			isa = PBXGroup;
			children = (
				A10ECE511E3FD42E0000A557 /* WhoWorks.app */,
			);
			name = Products;
			sourceTree = "<group>";
		};
		A10ECE531E3FD42E0000A557 /* WhoWorks */ = {
			isa = PBXGroup;
			children = (
				A11D7BF31E47865A00FD421E /* Models */,
				A17340FB1E476FEF00E9B8CB /* Services */,
				A17340FA1E476FCC00E9B8CB /* Controllers */,
				A10ECE541E3FD42E0000A557 /* AppDelegate.swift */,
				A10ECE581E3FD42E0000A557 /* Main.storyboard */,
				A10ECE5B1E3FD42E0000A557 /* Assets.xcassets */,
				A10ECE5D1E3FD42E0000A557 /* LaunchScreen.storyboard */,
				A1048A8D1E54DC0B00136D74 /* Users.storyboard */,
				A10ECE601E3FD42E0000A557 /* Info.plist */,
			);
			path = WhoWorks;
			sourceTree = "<group>";
		};
		A11D7BF31E47865A00FD421E /* Models */ = {
			isa = PBXGroup;
			children = (
				A11D7BF61E47866B00FD421E /* User.swift */,
			);
			path = Models;
			sourceTree = "<group>";
		};
		A15F2C2E1E467867002FAF24 /* Products */ = {
			isa = PBXGroup;
			children = (
				A15F2C331E467867002FAF24 /* Alamofire.framework */,
				A18A79331E4A5B81001387F6 /* Alamofire_Synchronous.framework */,
				A15F2C351E467867002FAF24 /* Pods_WhoWorks.framework */,
				A1FE94F91E5A54CF00B6B1CE /* SWRevealViewController.framework */,
			);
			name = Products;
			sourceTree = "<group>";
		};
		A17340FA1E476FCC00E9B8CB /* Controllers */ = {
			isa = PBXGroup;
			children = (
				A1EFC2F51E47653400CC502A /* LoginViewController.swift */,
				A10ECE561E3FD42E0000A557 /* ViewController.swift */,
				A18A79381E4A869D001387F6 /* RegisterViewController.swift */,
				A13A5CCA1E4D0E76003E2F36 /* UserTableViewCell.swift */,
				A117D3181E4E6D6D008A098D /* UsersViewController.swift */,
				A1E025221E4F3A67004AB7AA /* UserViewController.swift */,
				A18E62CD1E53E4950078CA5F /* CurrentUserMenuViewController.swift */,
				A1FE94DE1E59F92600B6B1CE /* ProfileViewController.swift */,
				A1FE94E31E5A004600B6B1CE /* SettingsViewController.swift */,
			);
			path = Controllers;
			sourceTree = "<group>";
		};
		A17340FB1E476FEF00E9B8CB /* Services */ = {
			isa = PBXGroup;
			children = (
				A18A792E1E4A5B80001387F6 /* UI */,
				A1EFC2F31E4760FB00CC502A /* UserService.swift */,
				A18A79361E4A6BEE001387F6 /* ValidationService.swift */,
			);
			path = Services;
			sourceTree = "<group>";
		};
		A18A792E1E4A5B80001387F6 /* UI */ = {
			isa = PBXGroup;
			children = (
				A18A79341E4A5BA3001387F6 /* UICustomizationService.swift */,
			);
			path = UI;
			sourceTree = "<group>";
		};
		A6B2F2CA8CDA91B92B421BEE /* Pods */ = {
			isa = PBXGroup;
			children = (
				1BF8D133A5BB0FD40D718882 /* Pods-WhoWorks.debug.xcconfig */,
				DC73D58DFD0E8435C062D093 /* Pods-WhoWorks.release.xcconfig */,
			);
			name = Pods;
			sourceTree = "<group>";
		};
/* End PBXGroup section */

/* Begin PBXNativeTarget section */
		A10ECE501E3FD42E0000A557 /* WhoWorks */ = {
			isa = PBXNativeTarget;
			buildConfigurationList = A10ECE631E3FD42E0000A557 /* Build configuration list for PBXNativeTarget "WhoWorks" */;
			buildPhases = (
				A368F53E5B2DD1FA16FA0BB4 /* [CP] Check Pods Manifest.lock */,
				A10ECE4D1E3FD42E0000A557 /* Sources */,
				A10ECE4E1E3FD42E0000A557 /* Frameworks */,
				A10ECE4F1E3FD42E0000A557 /* Resources */,
				10B10758B12A8AADA77499B2 /* [CP] Embed Pods Frameworks */,
				102588C25BA696436267BEC8 /* [CP] Copy Pods Resources */,
			);
			buildRules = (
			);
			dependencies = (
			);
			name = WhoWorks;
			productName = WhoWorks;
			productReference = A10ECE511E3FD42E0000A557 /* WhoWorks.app */;
			productType = "com.apple.product-type.application";
		};
/* End PBXNativeTarget section */

/* Begin PBXProject section */
		A10ECE491E3FD42E0000A557 /* Project object */ = {
			isa = PBXProject;
			attributes = {
				LastSwiftUpdateCheck = 0820;
				LastUpgradeCheck = 0820;
				ORGANIZATIONNAME = loogle18;
				TargetAttributes = {
					A10ECE501E3FD42E0000A557 = {
						CreatedOnToolsVersion = 8.2.1;
						DevelopmentTeam = JF539DV76S;
						LastSwiftMigration = 0820;
						ProvisioningStyle = Automatic;
					};
				};
			};
			buildConfigurationList = A10ECE4C1E3FD42E0000A557 /* Build configuration list for PBXProject "WhoWorks" */;
			compatibilityVersion = "Xcode 3.2";
			developmentRegion = English;
			hasScannedForEncodings = 0;
			knownRegions = (
				en,
				Base,
			);
			mainGroup = A10ECE481E3FD42E0000A557;
			productRefGroup = A10ECE521E3FD42E0000A557 /* Products */;
			projectDirPath = "";
			projectReferences = (
				{
					ProductGroup = A15F2C2E1E467867002FAF24 /* Products */;
					ProjectRef = A15F2C2D1E467867002FAF24 /* Pods.xcodeproj */;
				},
			);
			projectRoot = "";
			targets = (
				A10ECE501E3FD42E0000A557 /* WhoWorks */,
			);
		};
/* End PBXProject section */

/* Begin PBXReferenceProxy section */
		A15F2C331E467867002FAF24 /* Alamofire.framework */ = {
			isa = PBXReferenceProxy;
			fileType = wrapper.framework;
			path = Alamofire.framework;
			remoteRef = A15F2C321E467867002FAF24 /* PBXContainerItemProxy */;
			sourceTree = BUILT_PRODUCTS_DIR;
		};
		A15F2C351E467867002FAF24 /* Pods_WhoWorks.framework */ = {
			isa = PBXReferenceProxy;
			fileType = wrapper.framework;
			path = Pods_WhoWorks.framework;
			remoteRef = A15F2C341E467867002FAF24 /* PBXContainerItemProxy */;
			sourceTree = BUILT_PRODUCTS_DIR;
		};
		A18A79331E4A5B81001387F6 /* Alamofire_Synchronous.framework */ = {
			isa = PBXReferenceProxy;
			fileType = wrapper.framework;
			path = Alamofire_Synchronous.framework;
			remoteRef = A18A79321E4A5B81001387F6 /* PBXContainerItemProxy */;
			sourceTree = BUILT_PRODUCTS_DIR;
		};
		A1FE94F91E5A54CF00B6B1CE /* SWRevealViewController.framework */ = {
			isa = PBXReferenceProxy;
			fileType = wrapper.framework;
			path = SWRevealViewController.framework;
			remoteRef = A1FE94F81E5A54CF00B6B1CE /* PBXContainerItemProxy */;
			sourceTree = BUILT_PRODUCTS_DIR;
		};
/* End PBXReferenceProxy section */

/* Begin PBXResourcesBuildPhase section */
		A10ECE4F1E3FD42E0000A557 /* Resources */ = {
			isa = PBXResourcesBuildPhase;
			buildActionMask = 2147483647;
			files = (
				A10ECE5F1E3FD42E0000A557 /* LaunchScreen.storyboard in Resources */,
				A1048A8E1E54DC0B00136D74 /* Users.storyboard in Resources */,
				A10ECE5C1E3FD42E0000A557 /* Assets.xcassets in Resources */,
				A10ECE5A1E3FD42E0000A557 /* Main.storyboard in Resources */,
			);
			runOnlyForDeploymentPostprocessing = 0;
		};
/* End PBXResourcesBuildPhase section */

/* Begin PBXShellScriptBuildPhase section */
		102588C25BA696436267BEC8 /* [CP] Copy Pods Resources */ = {
			isa = PBXShellScriptBuildPhase;
			buildActionMask = 2147483647;
			files = (
			);
			inputPaths = (
			);
			name = "[CP] Copy Pods Resources";
			outputPaths = (
			);
			runOnlyForDeploymentPostprocessing = 0;
			shellPath = /bin/sh;
			shellScript = "\"${SRCROOT}/Pods/Target Support Files/Pods-WhoWorks/Pods-WhoWorks-resources.sh\"\n";
			showEnvVarsInLog = 0;
		};
		10B10758B12A8AADA77499B2 /* [CP] Embed Pods Frameworks */ = {
			isa = PBXShellScriptBuildPhase;
			buildActionMask = 2147483647;
			files = (
			);
			inputPaths = (
			);
			name = "[CP] Embed Pods Frameworks";
			outputPaths = (
			);
			runOnlyForDeploymentPostprocessing = 0;
			shellPath = /bin/sh;
			shellScript = "\"${SRCROOT}/Pods/Target Support Files/Pods-WhoWorks/Pods-WhoWorks-frameworks.sh\"\n";
			showEnvVarsInLog = 0;
		};
		A368F53E5B2DD1FA16FA0BB4 /* [CP] Check Pods Manifest.lock */ = {
			isa = PBXShellScriptBuildPhase;
			buildActionMask = 2147483647;
			files = (
			);
			inputPaths = (
			);
			name = "[CP] Check Pods Manifest.lock";
			outputPaths = (
			);
			runOnlyForDeploymentPostprocessing = 0;
			shellPath = /bin/sh;
			shellScript = "diff \"${PODS_ROOT}/../Podfile.lock\" \"${PODS_ROOT}/Manifest.lock\" > /dev/null\nif [ $? != 0 ] ; then\n    # print error to STDERR\n    echo \"error: The sandbox is not in sync with the Podfile.lock. Run 'pod install' or update your CocoaPods installation.\" >&2\n    exit 1\nfi\n";
			showEnvVarsInLog = 0;
		};
/* End PBXShellScriptBuildPhase section */

/* Begin PBXSourcesBuildPhase section */
		A10ECE4D1E3FD42E0000A557 /* Sources */ = {
			isa = PBXSourcesBuildPhase;
			buildActionMask = 2147483647;
			files = (
				A18A79391E4A869D001387F6 /* RegisterViewController.swift in Sources */,
				A18A79351E4A5BA3001387F6 /* UICustomizationService.swift in Sources */,
				A1EFC2F61E47653400CC502A /* LoginViewController.swift in Sources */,
				A1E025231E4F3A67004AB7AA /* UserViewController.swift in Sources */,
				A1FE94DF1E59F92600B6B1CE /* ProfileViewController.swift in Sources */,
				A117D3191E4E6D6D008A098D /* UsersViewController.swift in Sources */,
				A1EFC2F41E4760FB00CC502A /* UserService.swift in Sources */,
				A18E62CE1E53E4950078CA5F /* CurrentUserMenuViewController.swift in Sources */,
				A1FE94E41E5A004600B6B1CE /* SettingsViewController.swift in Sources */,
				A13A5CCB1E4D0E76003E2F36 /* UserTableViewCell.swift in Sources */,
				A10ECE571E3FD42E0000A557 /* ViewController.swift in Sources */,
				A11D7BF71E47866B00FD421E /* User.swift in Sources */,
				A18A79371E4A6BEE001387F6 /* ValidationService.swift in Sources */,
				A10ECE551E3FD42E0000A557 /* AppDelegate.swift in Sources */,
			);
			runOnlyForDeploymentPostprocessing = 0;
		};
/* End PBXSourcesBuildPhase section */

/* Begin PBXVariantGroup section */
		A10ECE581E3FD42E0000A557 /* Main.storyboard */ = {
			isa = PBXVariantGroup;
			children = (
				A10ECE591E3FD42E0000A557 /* Base */,
			);
			name = Main.storyboard;
			sourceTree = "<group>";
		};
		A10ECE5D1E3FD42E0000A557 /* LaunchScreen.storyboard */ = {
			isa = PBXVariantGroup;
			children = (
				A10ECE5E1E3FD42E0000A557 /* Base */,
			);
			name = LaunchScreen.storyboard;
			sourceTree = "<group>";
		};
/* End PBXVariantGroup section */

/* Begin XCBuildConfiguration section */
		A10ECE611E3FD42E0000A557 /* Debug */ = {
			isa = XCBuildConfiguration;
			buildSettings = {
				ALWAYS_SEARCH_USER_PATHS = NO;
				CLANG_ANALYZER_NONNULL = YES;
				CLANG_CXX_LANGUAGE_STANDARD = "gnu++0x";
				CLANG_CXX_LIBRARY = "libc++";
				CLANG_ENABLE_MODULES = YES;
				CLANG_ENABLE_OBJC_ARC = YES;
				CLANG_WARN_BOOL_CONVERSION = YES;
				CLANG_WARN_CONSTANT_CONVERSION = YES;
				CLANG_WARN_DIRECT_OBJC_ISA_USAGE = YES_ERROR;
				CLANG_WARN_DOCUMENTATION_COMMENTS = YES;
				CLANG_WARN_EMPTY_BODY = YES;
				CLANG_WARN_ENUM_CONVERSION = YES;
				CLANG_WARN_INFINITE_RECURSION = YES;
				CLANG_WARN_INT_CONVERSION = YES;
				CLANG_WARN_OBJC_ROOT_CLASS = YES_ERROR;
				CLANG_WARN_SUSPICIOUS_MOVE = YES;
				CLANG_WARN_UNREACHABLE_CODE = YES;
				CLANG_WARN__DUPLICATE_METHOD_MATCH = YES;
				"CODE_SIGN_IDENTITY[sdk=iphoneos*]" = "iPhone Developer";
				COPY_PHASE_STRIP = NO;
				DEBUG_INFORMATION_FORMAT = dwarf;
				ENABLE_STRICT_OBJC_MSGSEND = YES;
				ENABLE_TESTABILITY = YES;
				GCC_C_LANGUAGE_STANDARD = gnu99;
				GCC_DYNAMIC_NO_PIC = NO;
				GCC_NO_COMMON_BLOCKS = YES;
				GCC_OPTIMIZATION_LEVEL = 0;
				GCC_PREPROCESSOR_DEFINITIONS = (
					"DEBUG=1",
					"$(inherited)",
				);
				GCC_WARN_64_TO_32_BIT_CONVERSION = YES;
				GCC_WARN_ABOUT_RETURN_TYPE = YES_ERROR;
				GCC_WARN_UNDECLARED_SELECTOR = YES;
				GCC_WARN_UNINITIALIZED_AUTOS = YES_AGGRESSIVE;
				GCC_WARN_UNUSED_FUNCTION = YES;
				GCC_WARN_UNUSED_VARIABLE = YES;
				IPHONEOS_DEPLOYMENT_TARGET = 10.2;
				MTL_ENABLE_DEBUG_INFO = YES;
				ONLY_ACTIVE_ARCH = YES;
				SDKROOT = iphoneos;
				SWIFT_ACTIVE_COMPILATION_CONDITIONS = DEBUG;
				SWIFT_OPTIMIZATION_LEVEL = "-Onone";
			};
			name = Debug;
		};
		A10ECE621E3FD42E0000A557 /* Release */ = {
			isa = XCBuildConfiguration;
			buildSettings = {
				ALWAYS_SEARCH_USER_PATHS = NO;
				CLANG_ANALYZER_NONNULL = YES;
				CLANG_CXX_LANGUAGE_STANDARD = "gnu++0x";
				CLANG_CXX_LIBRARY = "libc++";
				CLANG_ENABLE_MODULES = YES;
				CLANG_ENABLE_OBJC_ARC = YES;
				CLANG_WARN_BOOL_CONVERSION = YES;
				CLANG_WARN_CONSTANT_CONVERSION = YES;
				CLANG_WARN_DIRECT_OBJC_ISA_USAGE = YES_ERROR;
				CLANG_WARN_DOCUMENTATION_COMMENTS = YES;
				CLANG_WARN_EMPTY_BODY = YES;
				CLANG_WARN_ENUM_CONVERSION = YES;
				CLANG_WARN_INFINITE_RECURSION = YES;
				CLANG_WARN_INT_CONVERSION = YES;
				CLANG_WARN_OBJC_ROOT_CLASS = YES_ERROR;
				CLANG_WARN_SUSPICIOUS_MOVE = YES;
				CLANG_WARN_UNREACHABLE_CODE = YES;
				CLANG_WARN__DUPLICATE_METHOD_MATCH = YES;
				"CODE_SIGN_IDENTITY[sdk=iphoneos*]" = "iPhone Developer";
				COPY_PHASE_STRIP = NO;
				DEBUG_INFORMATION_FORMAT = "dwarf-with-dsym";
				ENABLE_NS_ASSERTIONS = NO;
				ENABLE_STRICT_OBJC_MSGSEND = YES;
				GCC_C_LANGUAGE_STANDARD = gnu99;
				GCC_NO_COMMON_BLOCKS = YES;
				GCC_WARN_64_TO_32_BIT_CONVERSION = YES;
				GCC_WARN_ABOUT_RETURN_TYPE = YES_ERROR;
				GCC_WARN_UNDECLARED_SELECTOR = YES;
				GCC_WARN_UNINITIALIZED_AUTOS = YES_AGGRESSIVE;
				GCC_WARN_UNUSED_FUNCTION = YES;
				GCC_WARN_UNUSED_VARIABLE = YES;
				IPHONEOS_DEPLOYMENT_TARGET = 10.2;
				MTL_ENABLE_DEBUG_INFO = NO;
				SDKROOT = iphoneos;
				SWIFT_OPTIMIZATION_LEVEL = "-Owholemodule";
				VALIDATE_PRODUCT = YES;
			};
			name = Release;
		};
		A10ECE641E3FD42E0000A557 /* Debug */ = {
			isa = XCBuildConfiguration;
			baseConfigurationReference = 1BF8D133A5BB0FD40D718882 /* Pods-WhoWorks.debug.xcconfig */;
			buildSettings = {
				ASSETCATALOG_COMPILER_APPICON_NAME = AppIcon;
				CLANG_ENABLE_MODULES = YES;
				DEVELOPMENT_TEAM = JF539DV76S;
				INFOPLIST_FILE = WhoWorks/Info.plist;
				IPHONEOS_DEPLOYMENT_TARGET = 10.1;
				LD_RUNPATH_SEARCH_PATHS = "$(inherited) @executable_path/Frameworks";
				PRODUCT_BUNDLE_IDENTIFIER = com.loogle18.WhoWorks;
				PRODUCT_NAME = "$(TARGET_NAME)";
				SWIFT_OBJC_BRIDGING_HEADER = "WhoWorks/Controllers/WhoWorks-Bridging-Header.h";
				SWIFT_OPTIMIZATION_LEVEL = "-Onone";
				SWIFT_VERSION = 3.0;
			};
			name = Debug;
		};
		A10ECE651E3FD42E0000A557 /* Release */ = {
			isa = XCBuildConfiguration;
			baseConfigurationReference = DC73D58DFD0E8435C062D093 /* Pods-WhoWorks.release.xcconfig */;
			buildSettings = {
				ASSETCATALOG_COMPILER_APPICON_NAME = AppIcon;
				CLANG_ENABLE_MODULES = YES;
				DEVELOPMENT_TEAM = JF539DV76S;
				INFOPLIST_FILE = WhoWorks/Info.plist;
				IPHONEOS_DEPLOYMENT_TARGET = 10.1;
				LD_RUNPATH_SEARCH_PATHS = "$(inherited) @executable_path/Frameworks";
				PRODUCT_BUNDLE_IDENTIFIER = com.loogle18.WhoWorks;
				PRODUCT_NAME = "$(TARGET_NAME)";
				SWIFT_OBJC_BRIDGING_HEADER = "WhoWorks/Controllers/WhoWorks-Bridging-Header.h";
				SWIFT_VERSION = 3.0;
			};
			name = Release;
		};
/* End XCBuildConfiguration section */

/* Begin XCConfigurationList section */
		A10ECE4C1E3FD42E0000A557 /* Build configuration list for PBXProject "WhoWorks" */ = {
			isa = XCConfigurationList;
			buildConfigurations = (
				A10ECE611E3FD42E0000A557 /* Debug */,
				A10ECE621E3FD42E0000A557 /* Release */,
			);
			defaultConfigurationIsVisible = 0;
			defaultConfigurationName = Release;
		};
		A10ECE631E3FD42E0000A557 /* Build configuration list for PBXNativeTarget "WhoWorks" */ = {
			isa = XCConfigurationList;
			buildConfigurations = (
				A10ECE641E3FD42E0000A557 /* Debug */,
				A10ECE651E3FD42E0000A557 /* Release */,
			);
			defaultConfigurationIsVisible = 0;
			defaultConfigurationName = Release;
		};
/* End XCConfigurationList section */
	};
	rootObject = A10ECE491E3FD42E0000A557 /* Project object */;
}
